
Microsoft Visual Studio Solution File, Format Version 12.00
Project("{FAE04EC0-301F-11D3-BF4B-00C04F79EFBC}") = "bsbo-01-23_team4_var2_bibl2", "bsbo-01-23_team4_var2_bibl2\bsbo-01-23_team4_var2_bibl2.csproj", "{BF356DD6-98CE-4981-B102-D2E3D67366FE}"
EndProject
Global
	GlobalSection(SolutionConfigurationPlatforms) = preSolution
		Debug|Any CPU = Debug|Any CPU
		Release|Any CPU = Release|Any CPU
	EndGlobalSection
	GlobalSection(ProjectConfigurationPlatforms) = postSolution
		{BF356DD6-98CE-4981-B102-D2E3D67366FE}.Debug|Any CPU.ActiveCfg = Debug|Any CPU
		{BF356DD6-98CE-4981-B102-D2E3D67366FE}.Debug|Any CPU.Build.0 = Debug|Any CPU
		{BF356DD6-98CE-4981-B102-D2E3D67366FE}.Release|Any CPU.ActiveCfg = Release|Any CPU
		{BF356DD6-98CE-4981-B102-D2E3D67366FE}.Release|Any CPU.Build.0 = Release|Any CPU
	EndGlobalSection
EndGlobal
